
Microsoft Visual Studio Solution File, Format Version 12.00
# Visual Studio 15
VisualStudioVersion = 15.0.26430.4
MinimumVisualStudioVersion = 10.0.40219.1
Project("{FAE04EC0-301F-11D3-BF4B-00C04F79EFBC}") = "DataTables", "DataTables\DataTables.csproj", "{AB671CD1-18AC-47D6-BEF5-37F6C50A50D7}"
EndProject
Global
	GlobalSection(SolutionConfigurationPlatforms) = preSolution
		Debug|Any CPU = Debug|Any CPU
		Release|Any CPU = Release|Any CPU
	EndGlobalSection
	GlobalSection(ProjectConfigurationPlatforms) = postSolution
		{AB671CD1-18AC-47D6-BEF5-37F6C50A50D7}.Debug|Any CPU.ActiveCfg = Debug|Any CPU
		{AB671CD1-18AC-47D6-BEF5-37F6C50A50D7}.Debug|Any CPU.Build.0 = Debug|Any CPU
		{AB671CD1-18AC-47D6-BEF5-37F6C50A50D7}.Release|Any CPU.ActiveCfg = Release|Any CPU
		{AB671CD1-18AC-47D6-BEF5-37F6C50A50D7}.Release|Any CPU.Build.0 = Release|Any CPU
	EndGlobalSection
	GlobalSection(SolutionProperties) = preSolution
		HideSolutionNode = FALSE
	EndGlobalSection
EndGlobal
